// !$*UTF8*$!
{
	archiveVersion = 1;
	classes = {
	};
	objectVersion = 60;
	objects = {

/* Begin PBXBuildFile section */
		CE1295222B7DFFAA00AC7FAF /* AppDelegate.swift in Sources */ = {isa = PBXBuildFile; fileRef = CE1295212B7DFFAA00AC7FAF /* AppDelegate.swift */; };
		CE1295242B7DFFAA00AC7FAF /* ViewController.swift in Sources */ = {isa = PBXBuildFile; fileRef = CE1295232B7DFFAA00AC7FAF /* ViewController.swift */; };
		CE1295262B7DFFAB00AC7FAF /* Assets.xcassets in Resources */ = {isa = PBXBuildFile; fileRef = CE1295252B7DFFAB00AC7FAF /* Assets.xcassets */; };
		CE1295292B7DFFAB00AC7FAF /* Main.storyboard in Resources */ = {isa = PBXBuildFile; fileRef = CE1295272B7DFFAB00AC7FAF /* Main.storyboard */; };
		CE1295322B7E016900AC7FAF /* PlanetKit in Frameworks */ = {isa = PBXBuildFile; productRef = CE1295312B7E016900AC7FAF /* PlanetKit */; };
/* End PBXBuildFile section */

/* Begin PBXFileReference section */
		CE12951E2B7DFFAA00AC7FAF /* planet-kit-quickstart-macos.app */ = {isa = PBXFileReference; explicitFileType = wrapper.application; includeInIndex = 0; path = "planet-kit-quickstart-macos.app"; sourceTree = BUILT_PRODUCTS_DIR; };
		CE1295212B7DFFAA00AC7FAF /* AppDelegate.swift */ = {isa = PBXFileReference; lastKnownFileType = sourcecode.swift; path = AppDelegate.swift; sourceTree = "<group>"; };
		CE1295232B7DFFAA00AC7FAF /* ViewController.swift */ = {isa = PBXFileReference; lastKnownFileType = sourcecode.swift; path = ViewController.swift; sourceTree = "<group>"; };
		CE1295252B7DFFAB00AC7FAF /* Assets.xcassets */ = {isa = PBXFileReference; lastKnownFileType = folder.assetcatalog; path = Assets.xcassets; sourceTree = "<group>"; };
		CE1295282B7DFFAB00AC7FAF /* Base */ = {isa = PBXFileReference; lastKnownFileType = file.storyboard; name = Base; path = Base.lproj/Main.storyboard; sourceTree = "<group>"; };
		CE12952A2B7DFFAB00AC7FAF /* planet_kit_quickstart_macos.entitlements */ = {isa = PBXFileReference; lastKnownFileType = text.plist.entitlements; path = planet_kit_quickstart_macos.entitlements; sourceTree = "<group>"; };
		CEC99DF82B9027FB0056E1D7 /* Info.plist */ = {isa = PBXFileReference; lastKnownFileType = text.plist; path = Info.plist; sourceTree = "<group>"; };
/* End PBXFileReference section */

/* Begin PBXFrameworksBuildPhase section */
		CE12951B2B7DFFAA00AC7FAF /* Frameworks */ = {
			isa = PBXFrameworksBuildPhase;
			buildActionMask = 2147483647;
			files = (
				CE1295322B7E016900AC7FAF /* PlanetKit in Frameworks */,
			);
			runOnlyForDeploymentPostprocessing = 0;
		};
/* End PBXFrameworksBuildPhase section */

/* Begin PBXGroup section */
		CE1295152B7DFFAA00AC7FAF = {
			isa = PBXGroup;
			children = (
				CE1295202B7DFFAA00AC7FAF /* planet-kit-quickstart-macos */,
				CE12951F2B7DFFAA00AC7FAF /* Products */,
			);
			sourceTree = "<group>";
		};
		CE12951F2B7DFFAA00AC7FAF /* Products */ = {
			isa = PBXGroup;
			children = (
				CE12951E2B7DFFAA00AC7FAF /* planet-kit-quickstart-macos.app */,
			);
			name = Products;
			sourceTree = "<group>";
		};
		CE1295202B7DFFAA00AC7FAF /* planet-kit-quickstart-macos */ = {
			isa = PBXGroup;
			children = (
				CEC99DF82B9027FB0056E1D7 /* Info.plist */,
				CE1295212B7DFFAA00AC7FAF /* AppDelegate.swift */,
				CE1295232B7DFFAA00AC7FAF /* ViewController.swift */,
				CE1295252B7DFFAB00AC7FAF /* Assets.xcassets */,
				CE1295272B7DFFAB00AC7FAF /* Main.storyboard */,
				CE12952A2B7DFFAB00AC7FAF /* planet_kit_quickstart_macos.entitlements */,
			);
			path = "planet-kit-quickstart-macos";
			sourceTree = "<group>";
		};
/* End PBXGroup section */

/* Begin PBXNativeTarget section */
		CE12951D2B7DFFAA00AC7FAF /* planet-kit-quickstart-macos */ = {
			isa = PBXNativeTarget;
			buildConfigurationList = CE12952D2B7DFFAB00AC7FAF /* Build configuration list for PBXNativeTarget "planet-kit-quickstart-macos" */;
			buildPhases = (
				CE12951A2B7DFFAA00AC7FAF /* Sources */,
				CE12951B2B7DFFAA00AC7FAF /* Frameworks */,
				CE12951C2B7DFFAA00AC7FAF /* Resources */,
			);
			buildRules = (
			);
			dependencies = (
			);
			name = "planet-kit-quickstart-macos";
			packageProductDependencies = (
				CE1295312B7E016900AC7FAF /* PlanetKit */,
			);
			productName = "planet-kit-quickstart-macos";
			productReference = CE12951E2B7DFFAA00AC7FAF /* planet-kit-quickstart-macos.app */;
			productType = "com.apple.product-type.application";
		};
/* End PBXNativeTarget section */

/* Begin PBXProject section */
		CE1295162B7DFFAA00AC7FAF /* Project object */ = {
			isa = PBXProject;
			attributes = {
				BuildIndependentTargetsInParallel = 1;
				LastSwiftUpdateCheck = 1520;
				LastUpgradeCheck = 1520;
				TargetAttributes = {
					CE12951D2B7DFFAA00AC7FAF = {
						CreatedOnToolsVersion = 15.2;
					};
				};
			};
			buildConfigurationList = CE1295192B7DFFAA00AC7FAF /* Build configuration list for PBXProject "planet-kit-quickstart-macos" */;
			compatibilityVersion = "Xcode 15.0";
			developmentRegion = en;
			hasScannedForEncodings = 0;
			knownRegions = (
				en,
				Base,
			);
			mainGroup = CE1295152B7DFFAA00AC7FAF;
			packageReferences = (
				CE1295302B7E016900AC7FAF /* XCRemoteSwiftPackageReference "planet-kit-apple" */,
			);
			productRefGroup = CE12951F2B7DFFAA00AC7FAF /* Products */;
			projectDirPath = "";
			projectRoot = "";
			targets = (
				CE12951D2B7DFFAA00AC7FAF /* planet-kit-quickstart-macos */,
			);
		};
/* End PBXProject section */

/* Begin PBXResourcesBuildPhase section */
		CE12951C2B7DFFAA00AC7FAF /* Resources */ = {
			isa = PBXResourcesBuildPhase;
			buildActionMask = 2147483647;
			files = (
				CE1295262B7DFFAB00AC7FAF /* Assets.xcassets in Resources */,
				CE1295292B7DFFAB00AC7FAF /* Main.storyboard in Resources */,
			);
			runOnlyForDeploymentPostprocessing = 0;
		};
/* End PBXResourcesBuildPhase section */

/* Begin PBXSourcesBuildPhase section */
		CE12951A2B7DFFAA00AC7FAF /* Sources */ = {
			isa = PBXSourcesBuildPhase;
			buildActionMask = 2147483647;
			files = (
				CE1295242B7DFFAA00AC7FAF /* ViewController.swift in Sources */,
				CE1295222B7DFFAA00AC7FAF /* AppDelegate.swift in Sources */,
			);
			runOnlyForDeploymentPostprocessing = 0;
		};
/* End PBXSourcesBuildPhase section */

/* Begin PBXVariantGroup section */
		CE1295272B7DFFAB00AC7FAF /* Main.storyboard */ = {
			isa = PBXVariantGroup;
			children = (
				CE1295282B7DFFAB00AC7FAF /* Base */,
			);
			name = Main.storyboard;
			sourceTree = "<group>";
		};
/* End PBXVariantGroup section */

/* Begin XCBuildConfiguration section */
		CE12952B2B7DFFAB00AC7FAF /* Debug */ = {
			isa = XCBuildConfiguration;
			buildSettings = {
				ALWAYS_SEARCH_USER_PATHS = NO;
				ASSETCATALOG_COMPILER_GENERATE_SWIFT_ASSET_SYMBOL_EXTENSIONS = YES;
				CLANG_ANALYZER_NONNULL = YES;
				CLANG_ANALYZER_NUMBER_OBJECT_CONVERSION = YES_AGGRESSIVE;
				CLANG_CXX_LANGUAGE_STANDARD = "gnu++20";
				CLANG_ENABLE_MODULES = YES;
				CLANG_ENABLE_OBJC_ARC = YES;
				CLANG_ENABLE_OBJC_WEAK = YES;
				CLANG_WARN_BLOCK_CAPTURE_AUTORELEASING = YES;
				CLANG_WARN_BOOL_CONVERSION = YES;
				CLANG_WARN_COMMA = YES;
				CLANG_WARN_CONSTANT_CONVERSION = YES;
				CLANG_WARN_DEPRECATED_OBJC_IMPLEMENTATIONS = YES;
				CLANG_WARN_DIRECT_OBJC_ISA_USAGE = YES_ERROR;
				CLANG_WARN_DOCUMENTATION_COMMENTS = YES;
				CLANG_WARN_EMPTY_BODY = YES;
				CLANG_WARN_ENUM_CONVERSION = YES;
				CLANG_WARN_INFINITE_RECURSION = YES;
				CLANG_WARN_INT_CONVERSION = YES;
				CLANG_WARN_NON_LITERAL_NULL_CONVERSION = YES;
				CLANG_WARN_OBJC_IMPLICIT_RETAIN_SELF = YES;
				CLANG_WARN_OBJC_LITERAL_CONVERSION = YES;
				CLANG_WARN_OBJC_ROOT_CLASS = YES_ERROR;
				CLANG_WARN_QUOTED_INCLUDE_IN_FRAMEWORK_HEADER = YES;
				CLANG_WARN_RANGE_LOOP_ANALYSIS = YES;
				CLANG_WARN_STRICT_PROTOTYPES = YES;
				CLANG_WARN_SUSPICIOUS_MOVE = YES;
				CLANG_WARN_UNGUARDED_AVAILABILITY = YES_AGGRESSIVE;
				CLANG_WARN_UNREACHABLE_CODE = YES;
				CLANG_WARN__DUPLICATE_METHOD_MATCH = YES;
				COPY_PHASE_STRIP = NO;
				DEBUG_INFORMATION_FORMAT = dwarf;
				ENABLE_STRICT_OBJC_MSGSEND = YES;
				ENABLE_TESTABILITY = YES;
				ENABLE_USER_SCRIPT_SANDBOXING = YES;
				GCC_C_LANGUAGE_STANDARD = gnu17;
				GCC_DYNAMIC_NO_PIC = NO;
				GCC_NO_COMMON_BLOCKS = YES;
				GCC_OPTIMIZATION_LEVEL = 0;
				GCC_PREPROCESSOR_DEFINITIONS = (
					"DEBUG=1",
					"$(inherited)",
				);
				GCC_WARN_64_TO_32_BIT_CONVERSION = YES;
				GCC_WARN_ABOUT_RETURN_TYPE = YES_ERROR;
				GCC_WARN_UNDECLARED_SELECTOR = YES;
				GCC_WARN_UNINITIALIZED_AUTOS = YES_AGGRESSIVE;
				GCC_WARN_UNUSED_FUNCTION = YES;
				GCC_WARN_UNUSED_VARIABLE = YES;
				LOCALIZATION_PREFERS_STRING_CATALOGS = YES;
				MACOSX_DEPLOYMENT_TARGET = 10.14.6;
				MTL_ENABLE_DEBUG_INFO = INCLUDE_SOURCE;
				MTL_FAST_MATH = YES;
				ONLY_ACTIVE_ARCH = YES;
				SDKROOT = macosx;
				SWIFT_ACTIVE_COMPILATION_CONDITIONS = "DEBUG $(inherited)";
				SWIFT_OPTIMIZATION_LEVEL = "-Onone";
			};
			name = Debug;
		};
		CE12952C2B7DFFAB00AC7FAF /* Release */ = {
			isa = XCBuildConfiguration;
			buildSettings = {
				ALWAYS_SEARCH_USER_PATHS = NO;
				ASSETCATALOG_COMPILER_GENERATE_SWIFT_ASSET_SYMBOL_EXTENSIONS = YES;
				CLANG_ANALYZER_NONNULL = YES;
				CLANG_ANALYZER_NUMBER_OBJECT_CONVERSION = YES_AGGRESSIVE;
				CLANG_CXX_LANGUAGE_STANDARD = "gnu++20";
				CLANG_ENABLE_MODULES = YES;
				CLANG_ENABLE_OBJC_ARC = YES;
				CLANG_ENABLE_OBJC_WEAK = YES;
				CLANG_WARN_BLOCK_CAPTURE_AUTORELEASING = YES;
				CLANG_WARN_BOOL_CONVERSION = YES;
				CLANG_WARN_COMMA = YES;
				CLANG_WARN_CONSTANT_CONVERSION = YES;
				CLANG_WARN_DEPRECATED_OBJC_IMPLEMENTATIONS = YES;
				CLANG_WARN_DIRECT_OBJC_ISA_USAGE = YES_ERROR;
				CLANG_WARN_DOCUMENTATION_COMMENTS = YES;
				CLANG_WARN_EMPTY_BODY = YES;
				CLANG_WARN_ENUM_CONVERSION = YES;
				CLANG_WARN_INFINITE_RECURSION = YES;
				CLANG_WARN_INT_CONVERSION = YES;
				CLANG_WARN_NON_LITERAL_NULL_CONVERSION = YES;
				CLANG_WARN_OBJC_IMPLICIT_RETAIN_SELF = YES;
				CLANG_WARN_OBJC_LITERAL_CONVERSION = YES;
				CLANG_WARN_OBJC_ROOT_CLASS = YES_ERROR;
				CLANG_WARN_QUOTED_INCLUDE_IN_FRAMEWORK_HEADER = YES;
				CLANG_WARN_RANGE_LOOP_ANALYSIS = YES;
				CLANG_WARN_STRICT_PROTOTYPES = YES;
				CLANG_WARN_SUSPICIOUS_MOVE = YES;
				CLANG_WARN_UNGUARDED_AVAILABILITY = YES_AGGRESSIVE;
				CLANG_WARN_UNREACHABLE_CODE = YES;
				CLANG_WARN__DUPLICATE_METHOD_MATCH = YES;
				COPY_PHASE_STRIP = NO;
				DEBUG_INFORMATION_FORMAT = "dwarf-with-dsym";
				ENABLE_NS_ASSERTIONS = NO;
				ENABLE_STRICT_OBJC_MSGSEND = YES;
				ENABLE_USER_SCRIPT_SANDBOXING = YES;
				GCC_C_LANGUAGE_STANDARD = gnu17;
				GCC_NO_COMMON_BLOCKS = YES;
				GCC_WARN_64_TO_32_BIT_CONVERSION = YES;
				GCC_WARN_ABOUT_RETURN_TYPE = YES_ERROR;
				GCC_WARN_UNDECLARED_SELECTOR = YES;
				GCC_WARN_UNINITIALIZED_AUTOS = YES_AGGRESSIVE;
				GCC_WARN_UNUSED_FUNCTION = YES;
				GCC_WARN_UNUSED_VARIABLE = YES;
				LOCALIZATION_PREFERS_STRING_CATALOGS = YES;
				MACOSX_DEPLOYMENT_TARGET = 10.14.6;
				MTL_ENABLE_DEBUG_INFO = NO;
				MTL_FAST_MATH = YES;
				SDKROOT = macosx;
				SWIFT_COMPILATION_MODE = wholemodule;
			};
			name = Release;
		};
		CE12952E2B7DFFAB00AC7FAF /* Debug */ = {
			isa = XCBuildConfiguration;
			buildSettings = {
				ASSETCATALOG_COMPILER_APPICON_NAME = AppIcon;
				ASSETCATALOG_COMPILER_GLOBAL_ACCENT_COLOR_NAME = AccentColor;
				CODE_SIGN_ENTITLEMENTS = "planet-kit-quickstart-macos/planet_kit_quickstart_macos.entitlements";
				CODE_SIGN_STYLE = Automatic;
				COMBINE_HIDPI_IMAGES = YES;
				CURRENT_PROJECT_VERSION = 1;
				DEVELOPMENT_TEAM = 8G473GSRFY;
				ENABLE_HARDENED_RUNTIME = YES;
				GENERATE_INFOPLIST_FILE = YES;
				INFOPLIST_FILE = "planet-kit-quickstart-macos/Info.plist";
				INFOPLIST_KEY_NSHumanReadableCopyright = "";
				INFOPLIST_KEY_NSMainStoryboardFile = Main;
				INFOPLIST_KEY_NSPrincipalClass = NSApplication;
				LD_RUNPATH_SEARCH_PATHS = (
					"$(inherited)",
					"@executable_path/../Frameworks",
				);
				MARKETING_VERSION = 1.0;
				PRODUCT_BUNDLE_IDENTIFIER = "com.linecorp.planet-kit-quickstart-macos";
				PRODUCT_NAME = "$(TARGET_NAME)";
				SWIFT_EMIT_LOC_STRINGS = YES;
				SWIFT_VERSION = 5.0;
			};
			name = Debug;
		};
		CE12952F2B7DFFAB00AC7FAF /* Release */ = {
			isa = XCBuildConfiguration;
			buildSettings = {
				ASSETCATALOG_COMPILER_APPICON_NAME = AppIcon;
				ASSETCATALOG_COMPILER_GLOBAL_ACCENT_COLOR_NAME = AccentColor;
				CODE_SIGN_ENTITLEMENTS = "planet-kit-quickstart-macos/planet_kit_quickstart_macos.entitlements";
				CODE_SIGN_STYLE = Automatic;
				COMBINE_HIDPI_IMAGES = YES;
				CURRENT_PROJECT_VERSION = 1;
				DEVELOPMENT_TEAM = 8G473GSRFY;
				ENABLE_HARDENED_RUNTIME = YES;
				GENERATE_INFOPLIST_FILE = YES;
				INFOPLIST_FILE = "planet-kit-quickstart-macos/Info.plist";
				INFOPLIST_KEY_NSHumanReadableCopyright = "";
				INFOPLIST_KEY_NSMainStoryboardFile = Main;
				INFOPLIST_KEY_NSPrincipalClass = NSApplication;
				LD_RUNPATH_SEARCH_PATHS = (
					"$(inherited)",
					"@executable_path/../Frameworks",
				);
				MARKETING_VERSION = 1.0;
				PRODUCT_BUNDLE_IDENTIFIER = "com.linecorp.planet-kit-quickstart-macos";
				PRODUCT_NAME = "$(TARGET_NAME)";
				SWIFT_EMIT_LOC_STRINGS = YES;
				SWIFT_VERSION = 5.0;
			};
			name = Release;
		};
/* End XCBuildConfiguration section */

/* Begin XCConfigurationList section */
		CE1295192B7DFFAA00AC7FAF /* Build configuration list for PBXProject "planet-kit-quickstart-macos" */ = {
			isa = XCConfigurationList;
			buildConfigurations = (
				CE12952B2B7DFFAB00AC7FAF /* Debug */,
				CE12952C2B7DFFAB00AC7FAF /* Release */,
			);
			defaultConfigurationIsVisible = 0;
			defaultConfigurationName = Release;
		};
		CE12952D2B7DFFAB00AC7FAF /* Build configuration list for PBXNativeTarget "planet-kit-quickstart-macos" */ = {
			isa = XCConfigurationList;
			buildConfigurations = (
				CE12952E2B7DFFAB00AC7FAF /* Debug */,
				CE12952F2B7DFFAB00AC7FAF /* Release */,
			);
			defaultConfigurationIsVisible = 0;
			defaultConfigurationName = Release;
		};
/* End XCConfigurationList section */

/* Begin XCRemoteSwiftPackageReference section */
		CE1295302B7E016900AC7FAF /* XCRemoteSwiftPackageReference "planet-kit-apple" */ = {
			isa = XCRemoteSwiftPackageReference;
			repositoryURL = "https://github.com/line/planet-kit-apple.git";
			requirement = {
				kind = upToNextMajorVersion;
				minimumVersion = 5.4.0;
			};
		};
/* End XCRemoteSwiftPackageReference section */

/* Begin XCSwiftPackageProductDependency section */
		CE1295312B7E016900AC7FAF /* PlanetKit */ = {
			isa = XCSwiftPackageProductDependency;
			package = CE1295302B7E016900AC7FAF /* XCRemoteSwiftPackageReference "planet-kit-apple" */;
			productName = PlanetKit;
		};
/* End XCSwiftPackageProductDependency section */
	};
	rootObject = CE1295162B7DFFAA00AC7FAF /* Project object */;
}
